Microsoft Visual Studio Solution File, Format Version 12.00
# Visual Studio Version 17
VisualStudioVersion = 17.5.2.0
MinimumVisualStudioVersion = 10.0.40219.1
Project("{FAE04EC0-301F-11D3-BF4B-00C04F79EFBC}") = "aspnet-short-url", "aspnet-short-url.csproj", "{7EF7A3CD-84B2-743B-EAF9-55E76B64E33D}"
EndProject
Global
	GlobalSection(SolutionConfigurationPlatforms) = preSolution
		Debug|Any CPU = Debug|Any CPU
		Release|Any CPU = Release|Any CPU
	EndGlobalSection
	GlobalSection(ProjectConfigurationPlatforms) = postSolution
		{7EF7A3CD-84B2-743B-EAF9-55E76B64E33D}.Debug|Any CPU.ActiveCfg = Debug|Any CPU
		{7EF7A3CD-84B2-743B-EAF9-55E76B64E33D}.Debug|Any CPU.Build.0 = Debug|Any CPU
		{7EF7A3CD-84B2-743B-EAF9-55E76B64E33D}.Release|Any CPU.ActiveCfg = Release|Any CPU
		{7EF7A3CD-84B2-743B-EAF9-55E76B64E33D}.Release|Any CPU.Build.0 = Release|Any CPU
	EndGlobalSection
	GlobalSection(SolutionProperties) = preSolution
		HideSolutionNode = FALSE
	EndGlobalSection
	GlobalSection(ExtensibilityGlobals) = postSolution
		SolutionGuid = {93E0C628-A37D-4AEF-9AC4-A2BBB7B488A0}
	EndGlobalSection
EndGlobal
